
Microsoft Visual Studio Solution File, Format Version 12.00
# Visual Studio Version 16
VisualStudioVersion = 16.0.31410.357
MinimumVisualStudioVersion = 10.0.40219.1
Project("{FAE04EC0-301F-11D3-BF4B-00C04F79EFBC}") = "Head21ArithmeticMean", "Head21ArithmeticMean\Head21ArithmeticMean.csproj", "{F04BE65B-4DAD-4D62-BB6C-931CFFF737DF}"
EndProject
Global
	GlobalSection(SolutionConfigurationPlatforms) = preSolution
		Debug|Any CPU = Debug|Any CPU
		Release|Any CPU = Release|Any CPU
	EndGlobalSection
	GlobalSection(ProjectConfigurationPlatforms) = postSolution
		{F04BE65B-4DAD-4D62-BB6C-931CFFF737DF}.Debug|Any CPU.ActiveCfg = Debug|Any CPU
		{F04BE65B-4DAD-4D62-BB6C-931CFFF737DF}.Debug|Any CPU.Build.0 = Debug|Any CPU
		{F04BE65B-4DAD-4D62-BB6C-931CFFF737DF}.Release|Any CPU.ActiveCfg = Release|Any CPU
		{F04BE65B-4DAD-4D62-BB6C-931CFFF737DF}.Release|Any CPU.Build.0 = Release|Any CPU
	EndGlobalSection
	GlobalSection(SolutionProperties) = preSolution
		HideSolutionNode = FALSE
	EndGlobalSection
	GlobalSection(ExtensibilityGlobals) = postSolution
		SolutionGuid = {6B92C750-B219-4F3F-B26A-33203172CB3D}
	EndGlobalSection
EndGlobal
