
Microsoft Visual Studio Solution File, Format Version 12.00
# Visual Studio Version 16
VisualStudioVersion = 16.0.31515.178
MinimumVisualStudioVersion = 10.0.40219.1
Project("{FAE04EC0-301F-11D3-BF4B-00C04F79EFBC}") = "Head4ICloneable", "Head4ICloneable\Head4ICloneable.csproj", "{BD74C2F6-B568-4556-978B-C7A46B5CD36A}"
EndProject
Global
	GlobalSection(SolutionConfigurationPlatforms) = preSolution
		Debug|Any CPU = Debug|Any CPU
		Release|Any CPU = Release|Any CPU
	EndGlobalSection
	GlobalSection(ProjectConfigurationPlatforms) = postSolution
		{BD74C2F6-B568-4556-978B-C7A46B5CD36A}.Debug|Any CPU.ActiveCfg = Debug|Any CPU
		{BD74C2F6-B568-4556-978B-C7A46B5CD36A}.Debug|Any CPU.Build.0 = Debug|Any CPU
		{BD74C2F6-B568-4556-978B-C7A46B5CD36A}.Release|Any CPU.ActiveCfg = Release|Any CPU
		{BD74C2F6-B568-4556-978B-C7A46B5CD36A}.Release|Any CPU.Build.0 = Release|Any CPU
	EndGlobalSection
	GlobalSection(SolutionProperties) = preSolution
		HideSolutionNode = FALSE
	EndGlobalSection
	GlobalSection(ExtensibilityGlobals) = postSolution
		SolutionGuid = {6FA19B4C-F18A-4AE6-816C-1A75B0DC0CB4}
	EndGlobalSection
EndGlobal
