
Microsoft Visual Studio Solution File, Format Version 12.00
# Visual Studio Version 16
VisualStudioVersion = 16.0.31410.357
MinimumVisualStudioVersion = 10.0.40219.1
Project("{FAE04EC0-301F-11D3-BF4B-00C04F79EFBC}") = "Head_7_IEnumerable", "Head_7_IEnumerable\Head_7_IEnumerable.csproj", "{5AB6B644-6BCC-47B3-B645-BABB5A44B256}"
EndProject
Global
	GlobalSection(SolutionConfigurationPlatforms) = preSolution
		Debug|Any CPU = Debug|Any CPU
		Release|Any CPU = Release|Any CPU
	EndGlobalSection
	GlobalSection(ProjectConfigurationPlatforms) = postSolution
		{5AB6B644-6BCC-47B3-B645-BABB5A44B256}.Debug|Any CPU.ActiveCfg = Debug|Any CPU
		{5AB6B644-6BCC-47B3-B645-BABB5A44B256}.Debug|Any CPU.Build.0 = Debug|Any CPU
		{5AB6B644-6BCC-47B3-B645-BABB5A44B256}.Release|Any CPU.ActiveCfg = Release|Any CPU
		{5AB6B644-6BCC-47B3-B645-BABB5A44B256}.Release|Any CPU.Build.0 = Release|Any CPU
	EndGlobalSection
	GlobalSection(SolutionProperties) = preSolution
		HideSolutionNode = FALSE
	EndGlobalSection
	GlobalSection(ExtensibilityGlobals) = postSolution
		SolutionGuid = {76633A89-C5F7-4B30-8044-657F9A46EC59}
	EndGlobalSection
EndGlobal
