
Microsoft Visual Studio Solution File, Format Version 12.00
# Visual Studio Version 16
VisualStudioVersion = 16.0.28803.202
MinimumVisualStudioVersion = 10.0.40219.1
Project("{FAE04EC0-301F-11D3-BF4B-00C04F79EFBC}") = "_INotifyPropertyChanged", "_INotifyPropertyChanged\_INotifyPropertyChanged.csproj", "{B282DD9C-8BFA-45F9-ABAF-1CD45F5FABE5}"
EndProject
Global
	GlobalSection(SolutionConfigurationPlatforms) = preSolution
		Debug|Any CPU = Debug|Any CPU
		Release|Any CPU = Release|Any CPU
	EndGlobalSection
	GlobalSection(ProjectConfigurationPlatforms) = postSolution
		{B282DD9C-8BFA-45F9-ABAF-1CD45F5FABE5}.Debug|Any CPU.ActiveCfg = Debug|Any CPU
		{B282DD9C-8BFA-45F9-ABAF-1CD45F5FABE5}.Debug|Any CPU.Build.0 = Debug|Any CPU
		{B282DD9C-8BFA-45F9-ABAF-1CD45F5FABE5}.Release|Any CPU.ActiveCfg = Release|Any CPU
		{B282DD9C-8BFA-45F9-ABAF-1CD45F5FABE5}.Release|Any CPU.Build.0 = Release|Any CPU
	EndGlobalSection
	GlobalSection(SolutionProperties) = preSolution
		HideSolutionNode = FALSE
	EndGlobalSection
	GlobalSection(ExtensibilityGlobals) = postSolution
		SolutionGuid = {D7F6822C-4855-4219-B734-7E5A13B71272}
	EndGlobalSection
EndGlobal
