
Microsoft Visual Studio Solution File, Format Version 12.00
# Visual Studio Version 16
VisualStudioVersion = 16.0.28803.202
MinimumVisualStudioVersion = 10.0.40219.1
Project("{FAE04EC0-301F-11D3-BF4B-00C04F79EFBC}") = "_Threading", "_Threading\_Threading.csproj", "{FA5C3544-AE9F-4589-B078-31C968A207A8}"
EndProject
Global
	GlobalSection(SolutionConfigurationPlatforms) = preSolution
		Debug|Any CPU = Debug|Any CPU
		Release|Any CPU = Release|Any CPU
	EndGlobalSection
	GlobalSection(ProjectConfigurationPlatforms) = postSolution
		{FA5C3544-AE9F-4589-B078-31C968A207A8}.Debug|Any CPU.ActiveCfg = Debug|Any CPU
		{FA5C3544-AE9F-4589-B078-31C968A207A8}.Debug|Any CPU.Build.0 = Debug|Any CPU
		{FA5C3544-AE9F-4589-B078-31C968A207A8}.Release|Any CPU.ActiveCfg = Release|Any CPU
		{FA5C3544-AE9F-4589-B078-31C968A207A8}.Release|Any CPU.Build.0 = Release|Any CPU
	EndGlobalSection
	GlobalSection(SolutionProperties) = preSolution
		HideSolutionNode = FALSE
	EndGlobalSection
	GlobalSection(ExtensibilityGlobals) = postSolution
		SolutionGuid = {6CDF0302-C21C-42C1-8C96-F064863A09FE}
	EndGlobalSection
EndGlobal
